// !$*UTF8*$!
{
	archiveVersion = 1;
	classes = {
	};
	objectVersion = 60;
	objects = {

/* Begin PBXBuildFile section */
		5A9F92702C3ABB360085AFF4 /* QueenOfPearsApp.swift in Sources */ = {isa = PBXBuildFile; fileRef = 5A9F926F2C3ABB360085AFF4 /* QueenOfPearsApp.swift */; };
		5A9F92722C3ABB360085AFF4 /* QuoteCardView.swift in Sources */ = {isa = PBXBuildFile; fileRef = 5A9F92712C3ABB360085AFF4 /* QuoteCardView.swift */; };
		5A9F92742C3ABB380085AFF4 /* Assets.xcassets in Resources */ = {isa = PBXBuildFile; fileRef = 5A9F92732C3ABB380085AFF4 /* Assets.xcassets */; };
		5A9F92772C3ABB380085AFF4 /* Preview Assets.xcassets in Resources */ = {isa = PBXBuildFile; fileRef = 5A9F92762C3ABB380085AFF4 /* Preview Assets.xcassets */; };
		5A9F92812C3ABB380085AFF4 /* QueenOfPearsTests.swift in Sources */ = {isa = PBXBuildFile; fileRef = 5A9F92802C3ABB380085AFF4 /* QueenOfPearsTests.swift */; };
		5A9F928B2C3ABB380085AFF4 /* QueenOfPearsUITests.swift in Sources */ = {isa = PBXBuildFile; fileRef = 5A9F928A2C3ABB380085AFF4 /* QueenOfPearsUITests.swift */; };
		5A9F928D2C3ABB380085AFF4 /* QueenOfPearsUITestsLaunchTests.swift in Sources */ = {isa = PBXBuildFile; fileRef = 5A9F928C2C3ABB380085AFF4 /* QueenOfPearsUITestsLaunchTests.swift */; };
		5A9F929A2C3AC8CF0085AFF4 /* QuotesData.swift in Sources */ = {isa = PBXBuildFile; fileRef = 5A9F92992C3AC8CF0085AFF4 /* QuotesData.swift */; };
		5A9F929C2C3AD2240085AFF4 /* BlurTextRenderer.swift in Sources */ = {isa = PBXBuildFile; fileRef = 5A9F929B2C3AD2240085AFF4 /* BlurTextRenderer.swift */; };
		5AB6BAF22C3D3DEF00925F4E /* View+Extensions.swift in Sources */ = {isa = PBXBuildFile; fileRef = 5AB6BAF12C3D3DEF00925F4E /* View+Extensions.swift */; };
		5AB6BAF42C3D3E3400925F4E /* BoxedRenderer.swift in Sources */ = {isa = PBXBuildFile; fileRef = 5AB6BAF32C3D3E3400925F4E /* BoxedRenderer.swift */; };
		5AC2011A2C3BFA3E009F29CB /* QuoteTextTransition.swift in Sources */ = {isa = PBXBuildFile; fileRef = 5AC201192C3BFA3E009F29CB /* QuoteTextTransition.swift */; };
		5AC235432C3FAD17002E2EEA /* VisualEffect.swift in Sources */ = {isa = PBXBuildFile; fileRef = 5AC235422C3FAD0B002E2EEA /* VisualEffect.swift */; };
		5AC235452C3FB3AD002E2EEA /* HorizontalScrolling.swift in Sources */ = {isa = PBXBuildFile; fileRef = 5AC235442C3FB3AD002E2EEA /* HorizontalScrolling.swift */; };
/* End PBXBuildFile section */

/* Begin PBXContainerItemProxy section */
		5A9F927D2C3ABB380085AFF4 /* PBXContainerItemProxy */ = {
			isa = PBXContainerItemProxy;
			containerPortal = 5A9F92642C3ABB360085AFF4 /* Project object */;
			proxyType = 1;
			remoteGlobalIDString = 5A9F926B2C3ABB360085AFF4;
			remoteInfo = QueenOfPears;
		};
		5A9F92872C3ABB380085AFF4 /* PBXContainerItemProxy */ = {
			isa = PBXContainerItemProxy;
			containerPortal = 5A9F92642C3ABB360085AFF4 /* Project object */;
			proxyType = 1;
			remoteGlobalIDString = 5A9F926B2C3ABB360085AFF4;
			remoteInfo = QueenOfPears;
		};
/* End PBXContainerItemProxy section */

/* Begin PBXFileReference section */
		5A9F926C2C3ABB360085AFF4 /* QueenOfPears.app */ = {isa = PBXFileReference; explicitFileType = wrapper.application; includeInIndex = 0; path = QueenOfPears.app; sourceTree = BUILT_PRODUCTS_DIR; };
		5A9F926F2C3ABB360085AFF4 /* QueenOfPearsApp.swift */ = {isa = PBXFileReference; lastKnownFileType = sourcecode.swift; path = QueenOfPearsApp.swift; sourceTree = "<group>"; };
		5A9F92712C3ABB360085AFF4 /* QuoteCardView.swift */ = {isa = PBXFileReference; lastKnownFileType = sourcecode.swift; path = QuoteCardView.swift; sourceTree = "<group>"; };
		5A9F92732C3ABB380085AFF4 /* Assets.xcassets */ = {isa = PBXFileReference; lastKnownFileType = folder.assetcatalog; path = Assets.xcassets; sourceTree = "<group>"; };
		5A9F92762C3ABB380085AFF4 /* Preview Assets.xcassets */ = {isa = PBXFileReference; lastKnownFileType = folder.assetcatalog; path = "Preview Assets.xcassets"; sourceTree = "<group>"; };
		5A9F927C2C3ABB380085AFF4 /* QueenOfPearsTests.xctest */ = {isa = PBXFileReference; explicitFileType = wrapper.cfbundle; includeInIndex = 0; path = QueenOfPearsTests.xctest; sourceTree = BUILT_PRODUCTS_DIR; };
		5A9F92802C3ABB380085AFF4 /* QueenOfPearsTests.swift */ = {isa = PBXFileReference; lastKnownFileType = sourcecode.swift; path = QueenOfPearsTests.swift; sourceTree = "<group>"; };
		5A9F92862C3ABB380085AFF4 /* QueenOfPearsUITests.xctest */ = {isa = PBXFileReference; explicitFileType = wrapper.cfbundle; includeInIndex = 0; path = QueenOfPearsUITests.xctest; sourceTree = BUILT_PRODUCTS_DIR; };
		5A9F928A2C3ABB380085AFF4 /* QueenOfPearsUITests.swift */ = {isa = PBXFileReference; lastKnownFileType = sourcecode.swift; path = QueenOfPearsUITests.swift; sourceTree = "<group>"; };
		5A9F928C2C3ABB380085AFF4 /* QueenOfPearsUITestsLaunchTests.swift */ = {isa = PBXFileReference; lastKnownFileType = sourcecode.swift; path = QueenOfPearsUITestsLaunchTests.swift; sourceTree = "<group>"; };
		5A9F92992C3AC8CF0085AFF4 /* QuotesData.swift */ = {isa = PBXFileReference; lastKnownFileType = sourcecode.swift; path = QuotesData.swift; sourceTree = "<group>"; };
		5A9F929B2C3AD2240085AFF4 /* BlurTextRenderer.swift */ = {isa = PBXFileReference; lastKnownFileType = sourcecode.swift; path = BlurTextRenderer.swift; sourceTree = "<group>"; };
		5AB6BAF12C3D3DEF00925F4E /* View+Extensions.swift */ = {isa = PBXFileReference; lastKnownFileType = sourcecode.swift; path = "View+Extensions.swift"; sourceTree = "<group>"; };
		5AB6BAF32C3D3E3400925F4E /* BoxedRenderer.swift */ = {isa = PBXFileReference; lastKnownFileType = sourcecode.swift; path = BoxedRenderer.swift; sourceTree = "<group>"; };
		5AC201192C3BFA3E009F29CB /* QuoteTextTransition.swift */ = {isa = PBXFileReference; lastKnownFileType = sourcecode.swift; path = QuoteTextTransition.swift; sourceTree = "<group>"; };
		5AC235422C3FAD0B002E2EEA /* VisualEffect.swift */ = {isa = PBXFileReference; lastKnownFileType = sourcecode.swift; path = VisualEffect.swift; sourceTree = "<group>"; };
		5AC235442C3FB3AD002E2EEA /* HorizontalScrolling.swift */ = {isa = PBXFileReference; lastKnownFileType = sourcecode.swift; path = HorizontalScrolling.swift; sourceTree = "<group>"; };
/* End PBXFileReference section */

/* Begin PBXFrameworksBuildPhase section */
		5A9F92692C3ABB360085AFF4 /* Frameworks */ = {
			isa = PBXFrameworksBuildPhase;
			buildActionMask = 2147483647;
			files = (
			);
			runOnlyForDeploymentPostprocessing = 0;
		};
		5A9F92792C3ABB380085AFF4 /* Frameworks */ = {
			isa = PBXFrameworksBuildPhase;
			buildActionMask = 2147483647;
			files = (
			);
			runOnlyForDeploymentPostprocessing = 0;
		};
		5A9F92832C3ABB380085AFF4 /* Frameworks */ = {
			isa = PBXFrameworksBuildPhase;
			buildActionMask = 2147483647;
			files = (
			);
			runOnlyForDeploymentPostprocessing = 0;
		};
/* End PBXFrameworksBuildPhase section */

/* Begin PBXGroup section */
		5A9F92632C3ABB360085AFF4 = {
			isa = PBXGroup;
			children = (
				5A9F926E2C3ABB360085AFF4 /* QueenOfPears */,
				5A9F927F2C3ABB380085AFF4 /* QueenOfPearsTests */,
				5A9F92892C3ABB380085AFF4 /* QueenOfPearsUITests */,
				5A9F926D2C3ABB360085AFF4 /* Products */,
			);
			sourceTree = "<group>";
		};
		5A9F926D2C3ABB360085AFF4 /* Products */ = {
			isa = PBXGroup;
			children = (
				5A9F926C2C3ABB360085AFF4 /* QueenOfPears.app */,
				5A9F927C2C3ABB380085AFF4 /* QueenOfPearsTests.xctest */,
				5A9F92862C3ABB380085AFF4 /* QueenOfPearsUITests.xctest */,
			);
			name = Products;
			sourceTree = "<group>";
		};
		5A9F926E2C3ABB360085AFF4 /* QueenOfPears */ = {
			isa = PBXGroup;
			children = (
				5A9F926F2C3ABB360085AFF4 /* QueenOfPearsApp.swift */,
				5AC235422C3FAD0B002E2EEA /* VisualEffect.swift */,
				5AC235442C3FB3AD002E2EEA /* HorizontalScrolling.swift */,
				5AB6BAF32C3D3E3400925F4E /* BoxedRenderer.swift */,
				5A9F92712C3ABB360085AFF4 /* QuoteCardView.swift */,
				5A9F929B2C3AD2240085AFF4 /* BlurTextRenderer.swift */,
				5AB6BAF12C3D3DEF00925F4E /* View+Extensions.swift */,
				5AC201192C3BFA3E009F29CB /* QuoteTextTransition.swift */,
				5A9F92992C3AC8CF0085AFF4 /* QuotesData.swift */,
				5A9F92732C3ABB380085AFF4 /* Assets.xcassets */,
				5A9F92752C3ABB380085AFF4 /* Preview Content */,
			);
			path = QueenOfPears;
			sourceTree = "<group>";
		};
		5A9F92752C3ABB380085AFF4 /* Preview Content */ = {
			isa = PBXGroup;
			children = (
				5A9F92762C3ABB380085AFF4 /* Preview Assets.xcassets */,
			);
			path = "Preview Content";
			sourceTree = "<group>";
		};
		5A9F927F2C3ABB380085AFF4 /* QueenOfPearsTests */ = {
			isa = PBXGroup;
			children = (
				5A9F92802C3ABB380085AFF4 /* QueenOfPearsTests.swift */,
			);
			path = QueenOfPearsTests;
			sourceTree = "<group>";
		};
		5A9F92892C3ABB380085AFF4 /* QueenOfPearsUITests */ = {
			isa = PBXGroup;
			children = (
				5A9F928A2C3ABB380085AFF4 /* QueenOfPearsUITests.swift */,
				5A9F928C2C3ABB380085AFF4 /* QueenOfPearsUITestsLaunchTests.swift */,
			);
			path = QueenOfPearsUITests;
			sourceTree = "<group>";
		};
/* End PBXGroup section */

/* Begin PBXNativeTarget section */
		5A9F926B2C3ABB360085AFF4 /* QueenOfPears */ = {
			isa = PBXNativeTarget;
			buildConfigurationList = 5A9F92902C3ABB380085AFF4 /* Build configuration list for PBXNativeTarget "QueenOfPears" */;
			buildPhases = (
				5A9F92682C3ABB360085AFF4 /* Sources */,
				5A9F92692C3ABB360085AFF4 /* Frameworks */,
				5A9F926A2C3ABB360085AFF4 /* Resources */,
			);
			buildRules = (
			);
			dependencies = (
			);
			name = QueenOfPears;
			productName = QueenOfPears;
			productReference = 5A9F926C2C3ABB360085AFF4 /* QueenOfPears.app */;
			productType = "com.apple.product-type.application";
		};
		5A9F927B2C3ABB380085AFF4 /* QueenOfPearsTests */ = {
			isa = PBXNativeTarget;
			buildConfigurationList = 5A9F92932C3ABB380085AFF4 /* Build configuration list for PBXNativeTarget "QueenOfPearsTests" */;
			buildPhases = (
				5A9F92782C3ABB380085AFF4 /* Sources */,
				5A9F92792C3ABB380085AFF4 /* Frameworks */,
				5A9F927A2C3ABB380085AFF4 /* Resources */,
			);
			buildRules = (
			);
			dependencies = (
				5A9F927E2C3ABB380085AFF4 /* PBXTargetDependency */,
			);
			name = QueenOfPearsTests;
			productName = QueenOfPearsTests;
			productReference = 5A9F927C2C3ABB380085AFF4 /* QueenOfPearsTests.xctest */;
			productType = "com.apple.product-type.bundle.unit-test";
		};
		5A9F92852C3ABB380085AFF4 /* QueenOfPearsUITests */ = {
			isa = PBXNativeTarget;
			buildConfigurationList = 5A9F92962C3ABB380085AFF4 /* Build configuration list for PBXNativeTarget "QueenOfPearsUITests" */;
			buildPhases = (
				5A9F92822C3ABB380085AFF4 /* Sources */,
				5A9F92832C3ABB380085AFF4 /* Frameworks */,
				5A9F92842C3ABB380085AFF4 /* Resources */,
			);
			buildRules = (
			);
			dependencies = (
				5A9F92882C3ABB380085AFF4 /* PBXTargetDependency */,
			);
			name = QueenOfPearsUITests;
			productName = QueenOfPearsUITests;
			productReference = 5A9F92862C3ABB380085AFF4 /* QueenOfPearsUITests.xctest */;
			productType = "com.apple.product-type.bundle.ui-testing";
		};
/* End PBXNativeTarget section */

/* Begin PBXProject section */
		5A9F92642C3ABB360085AFF4 /* Project object */ = {
			isa = PBXProject;
			attributes = {
				BuildIndependentTargetsInParallel = 1;
				LastSwiftUpdateCheck = 1600;
				LastUpgradeCheck = 1600;
				TargetAttributes = {
					5A9F926B2C3ABB360085AFF4 = {
						CreatedOnToolsVersion = 16.0;
					};
					5A9F927B2C3ABB380085AFF4 = {
						CreatedOnToolsVersion = 16.0;
						TestTargetID = 5A9F926B2C3ABB360085AFF4;
					};
					5A9F92852C3ABB380085AFF4 = {
						CreatedOnToolsVersion = 16.0;
						TestTargetID = 5A9F926B2C3ABB360085AFF4;
					};
				};
			};
			buildConfigurationList = 5A9F92672C3ABB360085AFF4 /* Build configuration list for PBXProject "QueenOfPears" */;
			compatibilityVersion = "Xcode 15.0";
			developmentRegion = en;
			hasScannedForEncodings = 0;
			knownRegions = (
				en,
				Base,
			);
			mainGroup = 5A9F92632C3ABB360085AFF4;
			productRefGroup = 5A9F926D2C3ABB360085AFF4 /* Products */;
			projectDirPath = "";
			projectRoot = "";
			targets = (
				5A9F926B2C3ABB360085AFF4 /* QueenOfPears */,
				5A9F927B2C3ABB380085AFF4 /* QueenOfPearsTests */,
				5A9F92852C3ABB380085AFF4 /* QueenOfPearsUITests */,
			);
		};
/* End PBXProject section */

/* Begin PBXResourcesBuildPhase section */
		5A9F926A2C3ABB360085AFF4 /* Resources */ = {
			isa = PBXResourcesBuildPhase;
			buildActionMask = 2147483647;
			files = (
				5A9F92772C3ABB380085AFF4 /* Preview Assets.xcassets in Resources */,
				5A9F92742C3ABB380085AFF4 /* Assets.xcassets in Resources */,
			);
			runOnlyForDeploymentPostprocessing = 0;
		};
		5A9F927A2C3ABB380085AFF4 /* Resources */ = {
			isa = PBXResourcesBuildPhase;
			buildActionMask = 2147483647;
			files = (
			);
			runOnlyForDeploymentPostprocessing = 0;
		};
		5A9F92842C3ABB380085AFF4 /* Resources */ = {
			isa = PBXResourcesBuildPhase;
			buildActionMask = 2147483647;
			files = (
			);
			runOnlyForDeploymentPostprocessing = 0;
		};
/* End PBXResourcesBuildPhase section */

/* Begin PBXSourcesBuildPhase section */
		5A9F92682C3ABB360085AFF4 /* Sources */ = {
			isa = PBXSourcesBuildPhase;
			buildActionMask = 2147483647;
			files = (
				5A9F92722C3ABB360085AFF4 /* QuoteCardView.swift in Sources */,
				5A9F929C2C3AD2240085AFF4 /* BlurTextRenderer.swift in Sources */,
				5A9F92702C3ABB360085AFF4 /* QueenOfPearsApp.swift in Sources */,
				5A9F929A2C3AC8CF0085AFF4 /* QuotesData.swift in Sources */,
				5AC235452C3FB3AD002E2EEA /* HorizontalScrolling.swift in Sources */,
				5AB6BAF22C3D3DEF00925F4E /* View+Extensions.swift in Sources */,
				5AB6BAF42C3D3E3400925F4E /* BoxedRenderer.swift in Sources */,
				5AC235432C3FAD17002E2EEA /* VisualEffect.swift in Sources */,
				5AC2011A2C3BFA3E009F29CB /* QuoteTextTransition.swift in Sources */,
			);
			runOnlyForDeploymentPostprocessing = 0;
		};
		5A9F92782C3ABB380085AFF4 /* Sources */ = {
			isa = PBXSourcesBuildPhase;
			buildActionMask = 2147483647;
			files = (
				5A9F92812C3ABB380085AFF4 /* QueenOfPearsTests.swift in Sources */,
			);
			runOnlyForDeploymentPostprocessing = 0;
		};
		5A9F92822C3ABB380085AFF4 /* Sources */ = {
			isa = PBXSourcesBuildPhase;
			buildActionMask = 2147483647;
			files = (
				5A9F928D2C3ABB380085AFF4 /* QueenOfPearsUITestsLaunchTests.swift in Sources */,
				5A9F928B2C3ABB380085AFF4 /* QueenOfPearsUITests.swift in Sources */,
			);
			runOnlyForDeploymentPostprocessing = 0;
		};
/* End PBXSourcesBuildPhase section */

/* Begin PBXTargetDependency section */
		5A9F927E2C3ABB380085AFF4 /* PBXTargetDependency */ = {
			isa = PBXTargetDependency;
			target = 5A9F926B2C3ABB360085AFF4 /* QueenOfPears */;
			targetProxy = 5A9F927D2C3ABB380085AFF4 /* PBXContainerItemProxy */;
		};
		5A9F92882C3ABB380085AFF4 /* PBXTargetDependency */ = {
			isa = PBXTargetDependency;
			target = 5A9F926B2C3ABB360085AFF4 /* QueenOfPears */;
			targetProxy = 5A9F92872C3ABB380085AFF4 /* PBXContainerItemProxy */;
		};
/* End PBXTargetDependency section */

/* Begin XCBuildConfiguration section */
		5A9F928E2C3ABB380085AFF4 /* Debug */ = {
			isa = XCBuildConfiguration;
			buildSettings = {
				ALWAYS_SEARCH_USER_PATHS = NO;
				ASSETCATALOG_COMPILER_GENERATE_SWIFT_ASSET_SYMBOL_EXTENSIONS = YES;
				CLANG_ANALYZER_NONNULL = YES;
				CLANG_ANALYZER_NUMBER_OBJECT_CONVERSION = YES_AGGRESSIVE;
				CLANG_CXX_LANGUAGE_STANDARD = "gnu++20";
				CLANG_ENABLE_MODULES = YES;
				CLANG_ENABLE_OBJC_ARC = YES;
				CLANG_ENABLE_OBJC_WEAK = YES;
				CLANG_WARN_BLOCK_CAPTURE_AUTORELEASING = YES;
				CLANG_WARN_BOOL_CONVERSION = YES;
				CLANG_WARN_COMMA = YES;
				CLANG_WARN_CONSTANT_CONVERSION = YES;
				CLANG_WARN_DEPRECATED_OBJC_IMPLEMENTATIONS = YES;
				CLANG_WARN_DIRECT_OBJC_ISA_USAGE = YES_ERROR;
				CLANG_WARN_DOCUMENTATION_COMMENTS = YES;
				CLANG_WARN_EMPTY_BODY = YES;
				CLANG_WARN_ENUM_CONVERSION = YES;
				CLANG_WARN_INFINITE_RECURSION = YES;
				CLANG_WARN_INT_CONVERSION = YES;
				CLANG_WARN_NON_LITERAL_NULL_CONVERSION = YES;
				CLANG_WARN_OBJC_IMPLICIT_RETAIN_SELF = YES;
				CLANG_WARN_OBJC_LITERAL_CONVERSION = YES;
				CLANG_WARN_OBJC_ROOT_CLASS = YES_ERROR;
				CLANG_WARN_QUOTED_INCLUDE_IN_FRAMEWORK_HEADER = YES;
				CLANG_WARN_RANGE_LOOP_ANALYSIS = YES;
				CLANG_WARN_STRICT_PROTOTYPES = YES;
				CLANG_WARN_SUSPICIOUS_MOVE = YES;
				CLANG_WARN_UNGUARDED_AVAILABILITY = YES_AGGRESSIVE;
				CLANG_WARN_UNREACHABLE_CODE = YES;
				CLANG_WARN__DUPLICATE_METHOD_MATCH = YES;
				COPY_PHASE_STRIP = NO;
				DEBUG_INFORMATION_FORMAT = dwarf;
				ENABLE_STRICT_OBJC_MSGSEND = YES;
				ENABLE_TESTABILITY = YES;
				ENABLE_USER_SCRIPT_SANDBOXING = YES;
				GCC_C_LANGUAGE_STANDARD = gnu17;
				GCC_DYNAMIC_NO_PIC = NO;
				GCC_NO_COMMON_BLOCKS = YES;
				GCC_OPTIMIZATION_LEVEL = 0;
				GCC_PREPROCESSOR_DEFINITIONS = (
					"DEBUG=1",
					"$(inherited)",
				);
				GCC_WARN_64_TO_32_BIT_CONVERSION = YES;
				GCC_WARN_ABOUT_RETURN_TYPE = YES_ERROR;
				GCC_WARN_UNDECLARED_SELECTOR = YES;
				GCC_WARN_UNINITIALIZED_AUTOS = YES_AGGRESSIVE;
				GCC_WARN_UNUSED_FUNCTION = YES;
				GCC_WARN_UNUSED_VARIABLE = YES;
				IPHONEOS_DEPLOYMENT_TARGET = 18.0;
				LOCALIZATION_PREFERS_STRING_CATALOGS = YES;
				MTL_ENABLE_DEBUG_INFO = INCLUDE_SOURCE;
				MTL_FAST_MATH = YES;
				ONLY_ACTIVE_ARCH = YES;
				SDKROOT = iphoneos;
				SWIFT_ACTIVE_COMPILATION_CONDITIONS = "DEBUG $(inherited)";
				SWIFT_OPTIMIZATION_LEVEL = "-Onone";
			};
			name = Debug;
		};
		5A9F928F2C3ABB380085AFF4 /* Release */ = {
			isa = XCBuildConfiguration;
			buildSettings = {
				ALWAYS_SEARCH_USER_PATHS = NO;
				ASSETCATALOG_COMPILER_GENERATE_SWIFT_ASSET_SYMBOL_EXTENSIONS = YES;
				CLANG_ANALYZER_NONNULL = YES;
				CLANG_ANALYZER_NUMBER_OBJECT_CONVERSION = YES_AGGRESSIVE;
				CLANG_CXX_LANGUAGE_STANDARD = "gnu++20";
				CLANG_ENABLE_MODULES = YES;
				CLANG_ENABLE_OBJC_ARC = YES;
				CLANG_ENABLE_OBJC_WEAK = YES;
				CLANG_WARN_BLOCK_CAPTURE_AUTORELEASING = YES;
				CLANG_WARN_BOOL_CONVERSION = YES;
				CLANG_WARN_COMMA = YES;
				CLANG_WARN_CONSTANT_CONVERSION = YES;
				CLANG_WARN_DEPRECATED_OBJC_IMPLEMENTATIONS = YES;
				CLANG_WARN_DIRECT_OBJC_ISA_USAGE = YES_ERROR;
				CLANG_WARN_DOCUMENTATION_COMMENTS = YES;
				CLANG_WARN_EMPTY_BODY = YES;
				CLANG_WARN_ENUM_CONVERSION = YES;
				CLANG_WARN_INFINITE_RECURSION = YES;
				CLANG_WARN_INT_CONVERSION = YES;
				CLANG_WARN_NON_LITERAL_NULL_CONVERSION = YES;
				CLANG_WARN_OBJC_IMPLICIT_RETAIN_SELF = YES;
				CLANG_WARN_OBJC_LITERAL_CONVERSION = YES;
				CLANG_WARN_OBJC_ROOT_CLASS = YES_ERROR;
				CLANG_WARN_QUOTED_INCLUDE_IN_FRAMEWORK_HEADER = YES;
				CLANG_WARN_RANGE_LOOP_ANALYSIS = YES;
				CLANG_WARN_STRICT_PROTOTYPES = YES;
				CLANG_WARN_SUSPICIOUS_MOVE = YES;
				CLANG_WARN_UNGUARDED_AVAILABILITY = YES_AGGRESSIVE;
				CLANG_WARN_UNREACHABLE_CODE = YES;
				CLANG_WARN__DUPLICATE_METHOD_MATCH = YES;
				COPY_PHASE_STRIP = NO;
				DEBUG_INFORMATION_FORMAT = "dwarf-with-dsym";
				ENABLE_NS_ASSERTIONS = NO;
				ENABLE_STRICT_OBJC_MSGSEND = YES;
				ENABLE_USER_SCRIPT_SANDBOXING = YES;
				GCC_C_LANGUAGE_STANDARD = gnu17;
				GCC_NO_COMMON_BLOCKS = YES;
				GCC_WARN_64_TO_32_BIT_CONVERSION = YES;
				GCC_WARN_ABOUT_RETURN_TYPE = YES_ERROR;
				GCC_WARN_UNDECLARED_SELECTOR = YES;
				GCC_WARN_UNINITIALIZED_AUTOS = YES_AGGRESSIVE;
				GCC_WARN_UNUSED_FUNCTION = YES;
				GCC_WARN_UNUSED_VARIABLE = YES;
				IPHONEOS_DEPLOYMENT_TARGET = 18.0;
				LOCALIZATION_PREFERS_STRING_CATALOGS = YES;
				MTL_ENABLE_DEBUG_INFO = NO;
				MTL_FAST_MATH = YES;
				SDKROOT = iphoneos;
				SWIFT_COMPILATION_MODE = wholemodule;
				VALIDATE_PRODUCT = YES;
			};
			name = Release;
		};
		5A9F92912C3ABB380085AFF4 /* Debug */ = {
			isa = XCBuildConfiguration;
			buildSettings = {
				ASSETCATALOG_COMPILER_APPICON_NAME = AppIcon;
				ASSETCATALOG_COMPILER_GLOBAL_ACCENT_COLOR_NAME = AccentColor;
				CODE_SIGN_STYLE = Automatic;
				CURRENT_PROJECT_VERSION = 1;
				DEVELOPMENT_ASSET_PATHS = "\"QueenOfPears/Preview Content\"";
				DEVELOPMENT_TEAM = VGKE7KP8GF;
				ENABLE_PREVIEWS = YES;
				GENERATE_INFOPLIST_FILE = YES;
				INFOPLIST_KEY_UIApplicationSceneManifest_Generation = YES;
				INFOPLIST_KEY_UIApplicationSupportsIndirectInputEvents = YES;
				INFOPLIST_KEY_UILaunchScreen_Generation = YES;
				INFOPLIST_KEY_UISupportedInterfaceOrientations_iPad = "UIInterfaceOrientationPortrait UIInterfaceOrientationPortraitUpsideDown UIInterfaceOrientationLandscapeLeft UIInterfaceOrientationLandscapeRight";
				INFOPLIST_KEY_UISupportedInterfaceOrientations_iPhone = "UIInterfaceOrientationPortrait UIInterfaceOrientationLandscapeLeft UIInterfaceOrientationLandscapeRight";
				IPHONEOS_DEPLOYMENT_TARGET = 18.0;
				LD_RUNPATH_SEARCH_PATHS = (
					"$(inherited)",
					"@executable_path/Frameworks",
				);
				MARKETING_VERSION = 1.0;
				PRODUCT_BUNDLE_IDENTIFIER = com.vinamelody.xr.QueenOfPears;
				PRODUCT_NAME = "$(TARGET_NAME)";
				SWIFT_EMIT_LOC_STRINGS = YES;
				SWIFT_VERSION = 5.0;
				TARGETED_DEVICE_FAMILY = "1,2";
			};
			name = Debug;
		};
		5A9F92922C3ABB380085AFF4 /* Release */ = {
			isa = XCBuildConfiguration;
			buildSettings = {
				ASSETCATALOG_COMPILER_APPICON_NAME = AppIcon;
				ASSETCATALOG_COMPILER_GLOBAL_ACCENT_COLOR_NAME = AccentColor;
				CODE_SIGN_STYLE = Automatic;
				CURRENT_PROJECT_VERSION = 1;
				DEVELOPMENT_ASSET_PATHS = "\"QueenOfPears/Preview Content\"";
				DEVELOPMENT_TEAM = VGKE7KP8GF;
				ENABLE_PREVIEWS = YES;
				GENERATE_INFOPLIST_FILE = YES;
				INFOPLIST_KEY_UIApplicationSceneManifest_Generation = YES;
				INFOPLIST_KEY_UIApplicationSupportsIndirectInputEvents = YES;
				INFOPLIST_KEY_UILaunchScreen_Generation = YES;
				INFOPLIST_KEY_UISupportedInterfaceOrientations_iPad = "UIInterfaceOrientationPortrait UIInterfaceOrientationPortraitUpsideDown UIInterfaceOrientationLandscapeLeft UIInterfaceOrientationLandscapeRight";
				INFOPLIST_KEY_UISupportedInterfaceOrientations_iPhone = "UIInterfaceOrientationPortrait UIInterfaceOrientationLandscapeLeft UIInterfaceOrientationLandscapeRight";
				IPHONEOS_DEPLOYMENT_TARGET = 18.0;
				LD_RUNPATH_SEARCH_PATHS = (
					"$(inherited)",
					"@executable_path/Frameworks",
				);
				MARKETING_VERSION = 1.0;
				PRODUCT_BUNDLE_IDENTIFIER = com.vinamelody.xr.QueenOfPears;
				PRODUCT_NAME = "$(TARGET_NAME)";
				SWIFT_EMIT_LOC_STRINGS = YES;
				SWIFT_VERSION = 5.0;
				TARGETED_DEVICE_FAMILY = "1,2";
			};
			name = Release;
		};
		5A9F92942C3ABB380085AFF4 /* Debug */ = {
			isa = XCBuildConfiguration;
			buildSettings = {
				BUNDLE_LOADER = "$(TEST_HOST)";
				CODE_SIGN_STYLE = Automatic;
				CURRENT_PROJECT_VERSION = 1;
				DEVELOPMENT_TEAM = VGKE7KP8GF;
				GENERATE_INFOPLIST_FILE = YES;
				IPHONEOS_DEPLOYMENT_TARGET = 18.0;
				MARKETING_VERSION = 1.0;
				PRODUCT_BUNDLE_IDENTIFIER = com.vinamelody.xr.QueenOfPearsTests;
				PRODUCT_NAME = "$(TARGET_NAME)";
				SWIFT_EMIT_LOC_STRINGS = NO;
				SWIFT_VERSION = 5.0;
				TARGETED_DEVICE_FAMILY = "1,2";
				TEST_HOST = "$(BUILT_PRODUCTS_DIR)/QueenOfPears.app/$(BUNDLE_EXECUTABLE_FOLDER_PATH)/QueenOfPears";
			};
			name = Debug;
		};
		5A9F92952C3ABB380085AFF4 /* Release */ = {
			isa = XCBuildConfiguration;
			buildSettings = {
				BUNDLE_LOADER = "$(TEST_HOST)";
				CODE_SIGN_STYLE = Automatic;
				CURRENT_PROJECT_VERSION = 1;
				DEVELOPMENT_TEAM = VGKE7KP8GF;
				GENERATE_INFOPLIST_FILE = YES;
				IPHONEOS_DEPLOYMENT_TARGET = 18.0;
				MARKETING_VERSION = 1.0;
				PRODUCT_BUNDLE_IDENTIFIER = com.vinamelody.xr.QueenOfPearsTests;
				PRODUCT_NAME = "$(TARGET_NAME)";
				SWIFT_EMIT_LOC_STRINGS = NO;
				SWIFT_VERSION = 5.0;
				TARGETED_DEVICE_FAMILY = "1,2";
				TEST_HOST = "$(BUILT_PRODUCTS_DIR)/QueenOfPears.app/$(BUNDLE_EXECUTABLE_FOLDER_PATH)/QueenOfPears";
			};
			name = Release;
		};
		5A9F92972C3ABB380085AFF4 /* Debug */ = {
			isa = XCBuildConfiguration;
			buildSettings = {
				CODE_SIGN_STYLE = Automatic;
				CURRENT_PROJECT_VERSION = 1;
				DEVELOPMENT_TEAM = VGKE7KP8GF;
				GENERATE_INFOPLIST_FILE = YES;
				MARKETING_VERSION = 1.0;
				PRODUCT_BUNDLE_IDENTIFIER = com.vinamelody.xr.QueenOfPearsUITests;
				PRODUCT_NAME = "$(TARGET_NAME)";
				SWIFT_EMIT_LOC_STRINGS = NO;
				SWIFT_VERSION = 5.0;
				TARGETED_DEVICE_FAMILY = "1,2";
				TEST_TARGET_NAME = QueenOfPears;
			};
			name = Debug;
		};
		5A9F92982C3ABB380085AFF4 /* Release */ = {
			isa = XCBuildConfiguration;
			buildSettings = {
				CODE_SIGN_STYLE = Automatic;
				CURRENT_PROJECT_VERSION = 1;
				DEVELOPMENT_TEAM = VGKE7KP8GF;
				GENERATE_INFOPLIST_FILE = YES;
				MARKETING_VERSION = 1.0;
				PRODUCT_BUNDLE_IDENTIFIER = com.vinamelody.xr.QueenOfPearsUITests;
				PRODUCT_NAME = "$(TARGET_NAME)";
				SWIFT_EMIT_LOC_STRINGS = NO;
				SWIFT_VERSION = 5.0;
				TARGETED_DEVICE_FAMILY = "1,2";
				TEST_TARGET_NAME = QueenOfPears;
			};
			name = Release;
		};
/* End XCBuildConfiguration section */

/* Begin XCConfigurationList section */
		5A9F92672C3ABB360085AFF4 /* Build configuration list for PBXProject "QueenOfPears" */ = {
			isa = XCConfigurationList;
			buildConfigurations = (
				5A9F928E2C3ABB380085AFF4 /* Debug */,
				5A9F928F2C3ABB380085AFF4 /* Release */,
			);
			defaultConfigurationIsVisible = 0;
			defaultConfigurationName = Release;
		};
		5A9F92902C3ABB380085AFF4 /* Build configuration list for PBXNativeTarget "QueenOfPears" */ = {
			isa = XCConfigurationList;
			buildConfigurations = (
				5A9F92912C3ABB380085AFF4 /* Debug */,
				5A9F92922C3ABB380085AFF4 /* Release */,
			);
			defaultConfigurationIsVisible = 0;
			defaultConfigurationName = Release;
		};
		5A9F92932C3ABB380085AFF4 /* Build configuration list for PBXNativeTarget "QueenOfPearsTests" */ = {
			isa = XCConfigurationList;
			buildConfigurations = (
				5A9F92942C3ABB380085AFF4 /* Debug */,
				5A9F92952C3ABB380085AFF4 /* Release */,
			);
			defaultConfigurationIsVisible = 0;
			defaultConfigurationName = Release;
		};
		5A9F92962C3ABB380085AFF4 /* Build configuration list for PBXNativeTarget "QueenOfPearsUITests" */ = {
			isa = XCConfigurationList;
			buildConfigurations = (
				5A9F92972C3ABB380085AFF4 /* Debug */,
				5A9F92982C3ABB380085AFF4 /* Release */,
			);
			defaultConfigurationIsVisible = 0;
			defaultConfigurationName = Release;
		};
/* End XCConfigurationList section */
	};
	rootObject = 5A9F92642C3ABB360085AFF4 /* Project object */;
}
